
Microsoft Visual Studio Solution File, Format Version 12.00
# Visual Studio Version 17
VisualStudioVersion = 17.9.34728.123
MinimumVisualStudioVersion = 10.0.40219.1
Project("{9A19103F-16F7-4668-BE54-9A1E7A4F7556}") = "Iden", "Iden.csproj", "{9FD91345-263A-4E4D-85C0-731CD48828B2}"
EndProject
Project("{2150E333-8FDC-42A3-9474-1A3956D46DE8}") = "Source", "Source", "{0172F567-C942-4080-A027-475E0BEEB135}"
EndProject
Global
	GlobalSection(SolutionConfigurationPlatforms) = preSolution
		Debug|Any CPU = Debug|Any CPU
		Release|Any CPU = Release|Any CPU
	EndGlobalSection
	GlobalSection(ProjectConfigurationPlatforms) = postSolution
		{9FD91345-263A-4E4D-85C0-731CD48828B2}.Debug|Any CPU.ActiveCfg = Debug|Any CPU
		{9FD91345-263A-4E4D-85C0-731CD48828B2}.Debug|Any CPU.Build.0 = Debug|Any CPU
		{9FD91345-263A-4E4D-85C0-731CD48828B2}.Release|Any CPU.ActiveCfg = Release|Any CPU
		{9FD91345-263A-4E4D-85C0-731CD48828B2}.Release|Any CPU.Build.0 = Release|Any CPU
	EndGlobalSection
	GlobalSection(SolutionProperties) = preSolution
		HideSolutionNode = FALSE
	EndGlobalSection
	GlobalSection(NestedProjects) = preSolution
		{9FD91345-263A-4E4D-85C0-731CD48828B2} = {0172F567-C942-4080-A027-475E0BEEB135}
	EndGlobalSection
	GlobalSection(ExtensibilityGlobals) = postSolution
		SolutionGuid = {BA892662-A3EA-41A2-ABB1-838EB24A7A65}
	EndGlobalSection
EndGlobal
